<?xml version="1.0" encoding="utf-8"?>
<Project ToolsVersion="4.0" xmlns="http://schemas.microsoft.com/developer/msbuild/2003">
  <ItemGroup>
    <Filter Include="소스 파일">
      <UniqueIdentifier>{4FC737F1-C7A5-4376-A066-2A32D752A2FF}</UniqueIdentifier>
      <Extensions>cpp;c;cc;cxx;def;odl;idl;hpj;bat;asm;asmx</Extensions>
    </Filter>
    <Filter Include="헤더 파일">
      <UniqueIdentifier>{93995380-89BD-4b04-88EB-625FBE52EBFB}</UniqueIdentifier>
      <Extensions>h;hpp;hxx;hm;inl;inc;xsd</Extensions>
    </Filter>
    <Filter Include="리소스 파일">
      <UniqueIdentifier>{67DA6AB6-F800-4c08-8B7A-83BB121AAD01}</UniqueIdentifier>
      <Extensions>rc;ico;cur;bmp;dlg;rc2;rct;bin;rgs;gif;jpg;jpeg;jpe;resx;tiff;tif;png;wav;mfcribbon-ms</Extensions>
    </Filter>
  </ItemGroup>
  <ItemGroup>
    <None Include="..\..\..\..\..\Desktop\darkwood.bmp">
      <Filter>리소스 파일</Filter>
    </None>
    <None Include="..\..\..\..\..\Desktop\learn.bmp">
      <Filter>리소스 파일</Filter>
    </None>
    <None Include="..\..\..\..\..\Desktop\recog.bmp">
      <Filter>리소스 파일</Filter>
    </None>
    <None Include="..\..\..\..\..\Desktop\exit.bmp">
      <Filter>리소스 파일</Filter>
    </None>
    <None Include="res\kinectUI.ico">
      <Filter>리소스 파일</Filter>
    </None>
    <None Include="..\..\..\..\..\Downloads\kinect.ico">
      <Filter>리소스 파일</Filter>
    </None>
    <None Include="..\..\..\..\..\Downloads\UI COMPLETE.bmp">
      <Filter>리소스 파일</Filter>
    </None>
    <None Include="..\..\..\..\..\Downloads\UI COMPLETE2.bmp">
      <Filter>리소스 파일</Filter>
    </None>
  </ItemGroup>
  <ItemGroup>
    <ClInclude Include="kinectUI.h">
      <Filter>헤더 파일</Filter>
    </ClInclude>
    <ClInclude Include="kinectUIDlg.h">
      <Filter>헤더 파일</Filter>
    </ClInclude>
    <ClInclude Include="stdafx.h">
      <Filter>헤더 파일</Filter>
    </ClInclude>
    <ClInclude Include="targetver.h">
      <Filter>헤더 파일</Filter>
    </ClInclude>
    <ClInclude Include="Resource.h">
      <Filter>헤더 파일</Filter>
    </ClInclude>
    <ClInclude Include="CkinectReco.h">
      <Filter>헤더 파일</Filter>
    </ClInclude>
    <ClInclude Include="CvvImage.h">
      <Filter>헤더 파일</Filter>
    </ClInclude>
    <ClInclude Include="kinectStream.h">
      <Filter>헤더 파일</Filter>
    </ClInclude>
    <ClInclude Include="CkinectLearn.h">
      <Filter>헤더 파일</Filter>
    </ClInclude>
    <ClInclude Include="simpleDTW.h">
      <Filter>헤더 파일</Filter>
    </ClInclude>
    <ClInclude Include="common.h">
      <Filter>헤더 파일</Filter>
    </ClInclude>
  </ItemGroup>
  <ItemGroup>
    <ClCompile Include="kinectUI.cpp">
      <Filter>소스 파일</Filter>
    </ClCompile>
    <ClCompile Include="kinectUIDlg.cpp">
      <Filter>소스 파일</Filter>
    </ClCompile>
    <ClCompile Include="stdafx.cpp">
      <Filter>소스 파일</Filter>
    </ClCompile>
    <ClCompile Include="CkinectReco.cpp">
      <Filter>소스 파일</Filter>
    </ClCompile>
    <ClCompile Include="CvvImage.cpp">
      <Filter>소스 파일</Filter>
    </ClCompile>
    <ClCompile Include="kinectStream.cpp">
      <Filter>소스 파일</Filter>
    </ClCompile>
    <ClCompile Include="CkinectLearn.cpp">
      <Filter>소스 파일</Filter>
    </ClCompile>
    <ClCompile Include="simpleDTW.cpp">
      <Filter>소스 파일</Filter>
    </ClCompile>
    <ClCompile Include="common.cpp">
      <Filter>소스 파일</Filter>
    </ClCompile>
  </ItemGroup>
  <ItemGroup>
    <ResourceCompile Include="kinectUI.rc">
      <Filter>리소스 파일</Filter>
    </ResourceCompile>
  </ItemGroup>
</Project>