
Microsoft Visual Studio Solution File, Format Version 11.00
# Visual Studio 2010
Project("{8BC9CEB8-8B4A-11D0-8D11-00A0C91BC942}") = "kinectUI", "kinectUI\kinectUI.vcxproj", "{4CF9348B-65B2-4C7D-A4AB-DFD43D1DA9DB}"
EndProject
Global
	GlobalSection(SolutionConfigurationPlatforms) = preSolution
		Debug|Win32 = Debug|Win32
		Release|Win32 = Release|Win32
	EndGlobalSection
	GlobalSection(ProjectConfigurationPlatforms) = postSolution
		{4CF9348B-65B2-4C7D-A4AB-DFD43D1DA9DB}.Debug|Win32.ActiveCfg = Debug|Win32
		{4CF9348B-65B2-4C7D-A4AB-DFD43D1DA9DB}.Debug|Win32.Build.0 = Debug|Win32
		{4CF9348B-65B2-4C7D-A4AB-DFD43D1DA9DB}.Release|Win32.ActiveCfg = Release|Win32
		{4CF9348B-65B2-4C7D-A4AB-DFD43D1DA9DB}.Release|Win32.Build.0 = Release|Win32
	EndGlobalSection
	GlobalSection(SolutionProperties) = preSolution
		HideSolutionNode = FALSE
	EndGlobalSection
EndGlobal
