
Microsoft Visual Studio Solution File, Format Version 11.00
# Visual Studio 2010
Project("{8BC9CEB8-8B4A-11D0-8D11-00A0C91BC942}") = "DepthStream", "DepthStream\DepthStream.vcxproj", "{9C1DE86C-4D86-4FAF-8928-563E217D4ADA}"
EndProject
Global
	GlobalSection(SolutionConfigurationPlatforms) = preSolution
		Debug|Win32 = Debug|Win32
		Release|Win32 = Release|Win32
	EndGlobalSection
	GlobalSection(ProjectConfigurationPlatforms) = postSolution
		{9C1DE86C-4D86-4FAF-8928-563E217D4ADA}.Debug|Win32.ActiveCfg = Debug|Win32
		{9C1DE86C-4D86-4FAF-8928-563E217D4ADA}.Debug|Win32.Build.0 = Debug|Win32
		{9C1DE86C-4D86-4FAF-8928-563E217D4ADA}.Release|Win32.ActiveCfg = Release|Win32
		{9C1DE86C-4D86-4FAF-8928-563E217D4ADA}.Release|Win32.Build.0 = Release|Win32
	EndGlobalSection
	GlobalSection(SolutionProperties) = preSolution
		HideSolutionNode = FALSE
	EndGlobalSection
EndGlobal
